dependencies:
- name: postgresql
  repository: oci://registry-1.docker.io/bitnamicharts
  version: 18.5.14
- name: redis
  repository: oci://registry-1.docker.io/bitnamicharts
  version: 25.3.9
digest: sha256:916b836b9580e17d405dce936ba518a0a546ec764ababfcde9aabae010bd148f
generated: "2026-03-27T19:13:06.460139058-04:00"
