dependencies:
- name: postgresql
  repository: oci://registry-1.docker.io/bitnamicharts
  version: 16.4.5
- name: redis
  repository: oci://registry-1.docker.io/bitnamicharts
  version: 20.6.3
digest: sha256:3acb574f78ad5aa2975fe91ba354295bf1b8dfff7a16e852ca365c57ec64491e
generated: "2025-01-30T18:40:38.353758968-05:00"
