dependencies:
- name: postgresql
  repository: oci://registry-1.docker.io/bitnamicharts
  version: 18.7.11
- name: redis
  repository: oci://registry-1.docker.io/bitnamicharts
  version: 27.0.13
digest: sha256:8e7fb0666d43e61d7b22f354c7c3ee70a10ffd9f75fa95403d49dfc3ceede1ca
generated: "2026-07-02T17:28:25.953852475-04:00"
